
Microsoft Visual Studio Solution File, Format Version 12.00
# Visual Studio Version 16
VisualStudioVersion = 16.0.31424.327
MinimumVisualStudioVersion = 10.0.40219.1
Project("{FAE04EC0-301F-11D3-BF4B-00C04F79EFBC}") = "comdata_activiterDetector", "comdata_activiterDetector.csproj", "{EF032AA2-CB52-4D17-B821-957D7019A258}"
EndProject
Global
	GlobalSection(SolutionConfigurationPlatforms) = preSolution
		Debug|Any CPU = Debug|Any CPU
		Release|Any CPU = Release|Any CPU
	EndGlobalSection
	GlobalSection(ProjectConfigurationPlatforms) = postSolution
		{EF032AA2-CB52-4D17-B821-957D7019A258}.Debug|Any CPU.ActiveCfg = Debug|Any CPU
		{EF032AA2-CB52-4D17-B821-957D7019A258}.Debug|Any CPU.Build.0 = Debug|Any CPU
		{EF032AA2-CB52-4D17-B821-957D7019A258}.Release|Any CPU.ActiveCfg = Release|Any CPU
		{EF032AA2-CB52-4D17-B821-957D7019A258}.Release|Any CPU.Build.0 = Release|Any CPU
	EndGlobalSection
	GlobalSection(SolutionProperties) = preSolution
		HideSolutionNode = FALSE
	EndGlobalSection
	GlobalSection(ExtensibilityGlobals) = postSolution
		SolutionGuid = {0051013D-148F-4438-909C-D57B4D96C54B}
	EndGlobalSection
EndGlobal
